schema: '2.0'
stages:
  transpose:
    cmd: powershell aws s3 cp s3://sindholt-house-dvc-test/input/azurite_db_table.json
      ./output/azurite_db_table-output.json
    deps:
    - path: s3://sindholt-house-dvc-test/input/azurite_db_table.json
      hash: md5
      etag: a661e88cbea9c3b5bc2ac618a8c35237
      size: 23
      version_id: idoMbvnaP2eemsaLb3N6BINoMKOt4SkZ
    outs:
    - path: output/azurite_db_table-output.json
      hash: md5
      md5: a661e88cbea9c3b5bc2ac618a8c35237
      size: 23
