schema: '2.0'
stages:
  transpose:
    cmd: powershell aws s3 cp s3://sindholt-house-dvc-test/input/azurite_db_table.json
      ./output/azurite_db_table-output.json
    deps:
    - path: s3://sindholt-house-dvc-test/input/azurite_db_table.json
      hash: md5
      etag: e36d6a8bdb7eb467bb88e8b4e6fd1e23
      size: 21
      version_id: VYYcDSaqehBnp.wH4lcIVH_RdK.9p7U4
    outs:
    - path: output/azurite_db_table-output.json
      hash: md5
      md5: e36d6a8bdb7eb467bb88e8b4e6fd1e23
      size: 21
